
Microsoft Visual Studio Solution File, Format Version 12.00
# Visual Studio Version 16
VisualStudioVersion = 16.0.29209.62
MinimumVisualStudioVersion = 10.0.40219.1
Project("{9A19103F-16F7-4668-BE54-9A1E7A4F7556}") = "quokka", "quokka\quokka.csproj", "{0949F86E-1EC0-4FEB-9A31-6022B389D012}"
EndProject
Project("{2150E333-8FDC-42A3-9474-1A3956D46DE8}") = "rtl", "rtl", "{49F137C7-01F3-4899-A365-F5E93A128425}"
EndProject
Project("{9A19103F-16F7-4668-BE54-9A1E7A4F7556}") = "rtl.tests", "RTL\RTL.Tests\rtl.tests.csproj", "{44E47688-AB6C-4CED-A3A0-65716C4BA0FC}"
EndProject
Project("{9A19103F-16F7-4668-BE54-9A1E7A4F7556}") = "rtl.modules", "RTL\RTL.Modules\rtl.modules.csproj", "{67E209B5-FC41-40BE-ACC2-49D991037F66}"
EndProject
Project("{2150E333-8FDC-42A3-9474-1A3956D46DE8}") = "qrv32", "qrv32", "{EC11E090-86D0-44A3-9D28-23EE6E7C31F1}"
EndProject
Project("{9A19103F-16F7-4668-BE54-9A1E7A4F7556}") = "qrv32.cpu", "QRV32\QRV32.CPU\qrv32.cpu.csproj", "{FAD2FC13-FCBD-42B2-B177-00F4D71FD901}"
EndProject
Project("{9A19103F-16F7-4668-BE54-9A1E7A4F7556}") = "qrv32.tests", "QRV32\QRV32.Tests\qrv32.tests.csproj", "{2CB6EC1C-DE1D-4E2E-85AE-D2B98FCC87EE}"
EndProject
Project("{2150E333-8FDC-42A3-9474-1A3956D46DE8}") = "qusoc", "qusoc", "{CAFCC8EB-EFA6-4C7A-977F-A754BE0C600F}"
EndProject
Project("{9A19103F-16F7-4668-BE54-9A1E7A4F7556}") = "qusoc", "QuSoC\QuSoC\qusoc.csproj", "{5AF6C46A-C727-4D8B-9C36-A67C1976A9F7}"
EndProject
Project("{9A19103F-16F7-4668-BE54-9A1E7A4F7556}") = "qusoc.tests", "QuSoC\QuSoC.Tests\qusoc.tests.csproj", "{D946D3EF-EB09-42DF-86D4-42FA27CEAFDA}"
EndProject
Project("{2150E333-8FDC-42A3-9474-1A3956D46DE8}") = "tools", "tools", "{F258CF27-3DC1-4746-BECA-C398E940375C}"
EndProject
Project("{9A19103F-16F7-4668-BE54-9A1E7A4F7556}") = "TestTools", "Tools\TestTools\TestTools.csproj", "{6C162E35-0BA5-4A12-A56F-C1E28C810151}"
EndProject
Project("{9A19103F-16F7-4668-BE54-9A1E7A4F7556}") = "Quokka.RTL.Simulator", "Tools\Quokka.RTL.Simulator\Quokka.RTL.Simulator.csproj", "{6376257A-6E29-4478-8DEB-C5B618364D65}"
EndProject
Project("{9A19103F-16F7-4668-BE54-9A1E7A4F7556}") = "Quokka.RTL.Local", "Tools\Quokka.RTL.Local\Quokka.RTL.Local.csproj", "{1C52A05D-5A47-4FBB-920D-8E736C304B1A}"
EndProject
Project("{9A19103F-16F7-4668-BE54-9A1E7A4F7556}") = "qusoc.demos", "qusoc\qusoc.demos\qusoc.demos.csproj", "{3B8B69EA-3F43-4881-A011-9843A7C2E3CF}"
EndProject
Project("{FAE04EC0-301F-11D3-BF4B-00C04F79EFBC}") = "Quokka.RTL.Local.Tests", "tools\Quokka.RTL.Local.Tests\Quokka.RTL.Local.Tests.csproj", "{75ACA560-80CF-43E4-A49B-B3FC058A2944}"
EndProject
Global
	GlobalSection(SolutionConfigurationPlatforms) = preSolution
		Debug|Any CPU = Debug|Any CPU
		Release|Any CPU = Release|Any CPU
	EndGlobalSection
	GlobalSection(ProjectConfigurationPlatforms) = postSolution
		{0949F86E-1EC0-4FEB-9A31-6022B389D012}.Debug|Any CPU.ActiveCfg = Debug|Any CPU
		{0949F86E-1EC0-4FEB-9A31-6022B389D012}.Debug|Any CPU.Build.0 = Debug|Any CPU
		{0949F86E-1EC0-4FEB-9A31-6022B389D012}.Release|Any CPU.ActiveCfg = Release|Any CPU
		{0949F86E-1EC0-4FEB-9A31-6022B389D012}.Release|Any CPU.Build.0 = Release|Any CPU
		{44E47688-AB6C-4CED-A3A0-65716C4BA0FC}.Debug|Any CPU.ActiveCfg = Debug|Any CPU
		{44E47688-AB6C-4CED-A3A0-65716C4BA0FC}.Debug|Any CPU.Build.0 = Debug|Any CPU
		{44E47688-AB6C-4CED-A3A0-65716C4BA0FC}.Release|Any CPU.ActiveCfg = Release|Any CPU
		{44E47688-AB6C-4CED-A3A0-65716C4BA0FC}.Release|Any CPU.Build.0 = Release|Any CPU
		{67E209B5-FC41-40BE-ACC2-49D991037F66}.Debug|Any CPU.ActiveCfg = Debug|Any CPU
		{67E209B5-FC41-40BE-ACC2-49D991037F66}.Debug|Any CPU.Build.0 = Debug|Any CPU
		{67E209B5-FC41-40BE-ACC2-49D991037F66}.Release|Any CPU.ActiveCfg = Release|Any CPU
		{67E209B5-FC41-40BE-ACC2-49D991037F66}.Release|Any CPU.Build.0 = Release|Any CPU
		{FAD2FC13-FCBD-42B2-B177-00F4D71FD901}.Debug|Any CPU.ActiveCfg = Debug|Any CPU
		{FAD2FC13-FCBD-42B2-B177-00F4D71FD901}.Debug|Any CPU.Build.0 = Debug|Any CPU
		{FAD2FC13-FCBD-42B2-B177-00F4D71FD901}.Release|Any CPU.ActiveCfg = Release|Any CPU
		{FAD2FC13-FCBD-42B2-B177-00F4D71FD901}.Release|Any CPU.Build.0 = Release|Any CPU
		{2CB6EC1C-DE1D-4E2E-85AE-D2B98FCC87EE}.Debug|Any CPU.ActiveCfg = Debug|Any CPU
		{2CB6EC1C-DE1D-4E2E-85AE-D2B98FCC87EE}.Debug|Any CPU.Build.0 = Debug|Any CPU
		{2CB6EC1C-DE1D-4E2E-85AE-D2B98FCC87EE}.Release|Any CPU.ActiveCfg = Release|Any CPU
		{2CB6EC1C-DE1D-4E2E-85AE-D2B98FCC87EE}.Release|Any CPU.Build.0 = Release|Any CPU
		{5AF6C46A-C727-4D8B-9C36-A67C1976A9F7}.Debug|Any CPU.ActiveCfg = Debug|Any CPU
		{5AF6C46A-C727-4D8B-9C36-A67C1976A9F7}.Debug|Any CPU.Build.0 = Debug|Any CPU
		{5AF6C46A-C727-4D8B-9C36-A67C1976A9F7}.Release|Any CPU.ActiveCfg = Release|Any CPU
		{5AF6C46A-C727-4D8B-9C36-A67C1976A9F7}.Release|Any CPU.Build.0 = Release|Any CPU
		{D946D3EF-EB09-42DF-86D4-42FA27CEAFDA}.Debug|Any CPU.ActiveCfg = Debug|Any CPU
		{D946D3EF-EB09-42DF-86D4-42FA27CEAFDA}.Debug|Any CPU.Build.0 = Debug|Any CPU
		{D946D3EF-EB09-42DF-86D4-42FA27CEAFDA}.Release|Any CPU.ActiveCfg = Release|Any CPU
		{D946D3EF-EB09-42DF-86D4-42FA27CEAFDA}.Release|Any CPU.Build.0 = Release|Any CPU
		{6C162E35-0BA5-4A12-A56F-C1E28C810151}.Debug|Any CPU.ActiveCfg = Debug|Any CPU
		{6C162E35-0BA5-4A12-A56F-C1E28C810151}.Debug|Any CPU.Build.0 = Debug|Any CPU
		{6C162E35-0BA5-4A12-A56F-C1E28C810151}.Release|Any CPU.ActiveCfg = Release|Any CPU
		{6C162E35-0BA5-4A12-A56F-C1E28C810151}.Release|Any CPU.Build.0 = Release|Any CPU
		{6376257A-6E29-4478-8DEB-C5B618364D65}.Debug|Any CPU.ActiveCfg = Debug|Any CPU
		{6376257A-6E29-4478-8DEB-C5B618364D65}.Debug|Any CPU.Build.0 = Debug|Any CPU
		{6376257A-6E29-4478-8DEB-C5B618364D65}.Release|Any CPU.ActiveCfg = Release|Any CPU
		{6376257A-6E29-4478-8DEB-C5B618364D65}.Release|Any CPU.Build.0 = Release|Any CPU
		{1C52A05D-5A47-4FBB-920D-8E736C304B1A}.Debug|Any CPU.ActiveCfg = Debug|Any CPU
		{1C52A05D-5A47-4FBB-920D-8E736C304B1A}.Debug|Any CPU.Build.0 = Debug|Any CPU
		{1C52A05D-5A47-4FBB-920D-8E736C304B1A}.Release|Any CPU.ActiveCfg = Release|Any CPU
		{1C52A05D-5A47-4FBB-920D-8E736C304B1A}.Release|Any CPU.Build.0 = Release|Any CPU
		{3B8B69EA-3F43-4881-A011-9843A7C2E3CF}.Debug|Any CPU.ActiveCfg = Debug|Any CPU
		{3B8B69EA-3F43-4881-A011-9843A7C2E3CF}.Debug|Any CPU.Build.0 = Debug|Any CPU
		{3B8B69EA-3F43-4881-A011-9843A7C2E3CF}.Release|Any CPU.ActiveCfg = Release|Any CPU
		{3B8B69EA-3F43-4881-A011-9843A7C2E3CF}.Release|Any CPU.Build.0 = Release|Any CPU
		{75ACA560-80CF-43E4-A49B-B3FC058A2944}.Debug|Any CPU.ActiveCfg = Debug|Any CPU
		{75ACA560-80CF-43E4-A49B-B3FC058A2944}.Debug|Any CPU.Build.0 = Debug|Any CPU
		{75ACA560-80CF-43E4-A49B-B3FC058A2944}.Release|Any CPU.ActiveCfg = Release|Any CPU
		{75ACA560-80CF-43E4-A49B-B3FC058A2944}.Release|Any CPU.Build.0 = Release|Any CPU
	EndGlobalSection
	GlobalSection(SolutionProperties) = preSolution
		HideSolutionNode = FALSE
	EndGlobalSection
	GlobalSection(NestedProjects) = preSolution
		{44E47688-AB6C-4CED-A3A0-65716C4BA0FC} = {49F137C7-01F3-4899-A365-F5E93A128425}
		{67E209B5-FC41-40BE-ACC2-49D991037F66} = {49F137C7-01F3-4899-A365-F5E93A128425}
		{FAD2FC13-FCBD-42B2-B177-00F4D71FD901} = {EC11E090-86D0-44A3-9D28-23EE6E7C31F1}
		{2CB6EC1C-DE1D-4E2E-85AE-D2B98FCC87EE} = {EC11E090-86D0-44A3-9D28-23EE6E7C31F1}
		{5AF6C46A-C727-4D8B-9C36-A67C1976A9F7} = {CAFCC8EB-EFA6-4C7A-977F-A754BE0C600F}
		{D946D3EF-EB09-42DF-86D4-42FA27CEAFDA} = {CAFCC8EB-EFA6-4C7A-977F-A754BE0C600F}
		{6C162E35-0BA5-4A12-A56F-C1E28C810151} = {F258CF27-3DC1-4746-BECA-C398E940375C}
		{6376257A-6E29-4478-8DEB-C5B618364D65} = {F258CF27-3DC1-4746-BECA-C398E940375C}
		{1C52A05D-5A47-4FBB-920D-8E736C304B1A} = {F258CF27-3DC1-4746-BECA-C398E940375C}
		{3B8B69EA-3F43-4881-A011-9843A7C2E3CF} = {CAFCC8EB-EFA6-4C7A-977F-A754BE0C600F}
		{75ACA560-80CF-43E4-A49B-B3FC058A2944} = {F258CF27-3DC1-4746-BECA-C398E940375C}
	EndGlobalSection
	GlobalSection(ExtensibilityGlobals) = postSolution
		SolutionGuid = {0BE3F9BA-A23D-459E-8A7D-2D9F1612D011}
	EndGlobalSection
EndGlobal
